
Microsoft Visual Studio Solution File, Format Version 12.00
# Visual Studio Version 17
VisualStudioVersion = 17.1.32319.34
MinimumVisualStudioVersion = 10.0.40219.1
Project("{9A19103F-16F7-4668-BE54-9A1E7A4F7556}") = "ConfigTest", "ConfigTest\ConfigTest.csproj", "{39A4AFAD-2593-4E8C-9784-433F6157C21A}"
EndProject
Project("{9A19103F-16F7-4668-BE54-9A1E7A4F7556}") = "ConfigTest.Tests", "ConfigTest.Tests\ConfigTest.Tests.csproj", "{F7C0FD48-FF07-4BC5-AA14-86A9DFF6E4D4}"
EndProject
Project("{FAE04EC0-301F-11D3-BF4B-00C04F79EFBC}") = "ConfigTest.Deploy", "ConfigTest.Deploy\ConfigTest.Deploy.csproj", "{7C9595F7-A21D-48F3-B02D-44CD9011A33E}"
EndProject
Global
	GlobalSection(SolutionConfigurationPlatforms) = preSolution
		Debug|Any CPU = Debug|Any CPU
		Release|Any CPU = Release|Any CPU
	EndGlobalSection
	GlobalSection(ProjectConfigurationPlatforms) = postSolution
		{39A4AFAD-2593-4E8C-9784-433F6157C21A}.Debug|Any CPU.ActiveCfg = Debug|Any CPU
		{39A4AFAD-2593-4E8C-9784-433F6157C21A}.Debug|Any CPU.Build.0 = Debug|Any CPU
		{39A4AFAD-2593-4E8C-9784-433F6157C21A}.Release|Any CPU.ActiveCfg = Release|Any CPU
		{39A4AFAD-2593-4E8C-9784-433F6157C21A}.Release|Any CPU.Build.0 = Release|Any CPU
		{F7C0FD48-FF07-4BC5-AA14-86A9DFF6E4D4}.Debug|Any CPU.ActiveCfg = Debug|Any CPU
		{F7C0FD48-FF07-4BC5-AA14-86A9DFF6E4D4}.Debug|Any CPU.Build.0 = Debug|Any CPU
		{F7C0FD48-FF07-4BC5-AA14-86A9DFF6E4D4}.Release|Any CPU.ActiveCfg = Release|Any CPU
		{F7C0FD48-FF07-4BC5-AA14-86A9DFF6E4D4}.Release|Any CPU.Build.0 = Release|Any CPU
		{7C9595F7-A21D-48F3-B02D-44CD9011A33E}.Debug|Any CPU.ActiveCfg = Debug|Any CPU
		{7C9595F7-A21D-48F3-B02D-44CD9011A33E}.Debug|Any CPU.Build.0 = Debug|Any CPU
		{7C9595F7-A21D-48F3-B02D-44CD9011A33E}.Release|Any CPU.ActiveCfg = Release|Any CPU
		{7C9595F7-A21D-48F3-B02D-44CD9011A33E}.Release|Any CPU.Build.0 = Release|Any CPU
	EndGlobalSection
	GlobalSection(SolutionProperties) = preSolution
		HideSolutionNode = FALSE
	EndGlobalSection
	GlobalSection(ExtensibilityGlobals) = postSolution
		SolutionGuid = {D7896CB1-B91B-4325-9B4B-02C9D9CA1CB3}
	EndGlobalSection
EndGlobal
